// !$*UTF8*$!
{
	archiveVersion = 1;
	classes = {
	};
	objectVersion = 50;
	objects = {

/* Begin PBXBuildFile section */
		0F04995024DDB89A00DBECDE /* MenuCell.swift in Sources */ = {isa = PBXBuildFile; fileRef = 0F04994F24DDB89A00DBECDE /* MenuCell.swift */; };
		0F04995224DDFC8A00DBECDE /* UserService.swift in Sources */ = {isa = PBXBuildFile; fileRef = 0F04995124DDFC8A00DBECDE /* UserService.swift */; };
		0F04995424DE42CB00DBECDE /* UserDefaults+ObjectSavable.swift in Sources */ = {isa = PBXBuildFile; fileRef = 0F04995324DE42CB00DBECDE /* UserDefaults+ObjectSavable.swift */; };
		0F04995624DE432A00DBECDE /* ObjectSavable.swift in Sources */ = {isa = PBXBuildFile; fileRef = 0F04995524DE432A00DBECDE /* ObjectSavable.swift */; };
		0F04995924DE47E800DBECDE /* ObjectSavableError.swift in Sources */ = {isa = PBXBuildFile; fileRef = 0F04995824DE47E800DBECDE /* ObjectSavableError.swift */; };
		0F2305C124CB27D600F9D7F2 /* Message.swift in Sources */ = {isa = PBXBuildFile; fileRef = 0F2305C024CB27D600F9D7F2 /* Message.swift */; };
		0F9F4FAE24B4947D00165A60 /* AppDelegate.swift in Sources */ = {isa = PBXBuildFile; fileRef = 0F9F4FAD24B4947D00165A60 /* AppDelegate.swift */; };
		0F9F4FB024B4947D00165A60 /* SceneDelegate.swift in Sources */ = {isa = PBXBuildFile; fileRef = 0F9F4FAF24B4947D00165A60 /* SceneDelegate.swift */; };
		0F9F4FB524B4947D00165A60 /* Main.storyboard in Resources */ = {isa = PBXBuildFile; fileRef = 0F9F4FB324B4947D00165A60 /* Main.storyboard */; };
		0F9F4FB724B4947F00165A60 /* Assets.xcassets in Resources */ = {isa = PBXBuildFile; fileRef = 0F9F4FB624B4947F00165A60 /* Assets.xcassets */; };
		0F9F4FBA24B4947F00165A60 /* LaunchScreen.storyboard in Resources */ = {isa = PBXBuildFile; fileRef = 0F9F4FB824B4947F00165A60 /* LaunchScreen.storyboard */; };
		0F9F4FC724B4D18D00165A60 /* CustomTabBarController.swift in Sources */ = {isa = PBXBuildFile; fileRef = 0F9F4FC624B4D18D00165A60 /* CustomTabBarController.swift */; };
		0F9F4FC924B4D94E00165A60 /* DiscussionController.swift in Sources */ = {isa = PBXBuildFile; fileRef = 0F9F4FC824B4D94E00165A60 /* DiscussionController.swift */; };
		0F9F4FCB24B4DB1A00165A60 /* DiscussionCell.swift in Sources */ = {isa = PBXBuildFile; fileRef = 0F9F4FCA24B4DB1A00165A60 /* DiscussionCell.swift */; };
		0F9F4FCD24B4E83800165A60 /* StoryController.swift in Sources */ = {isa = PBXBuildFile; fileRef = 0F9F4FCC24B4E83800165A60 /* StoryController.swift */; };
		0F9F4FCF24B4EB3B00165A60 /* StoryCell.swift in Sources */ = {isa = PBXBuildFile; fileRef = 0F9F4FCE24B4EB3B00165A60 /* StoryCell.swift */; };
		0F9F4FD124B4F19200165A60 /* MessageController.swift in Sources */ = {isa = PBXBuildFile; fileRef = 0F9F4FD024B4F19200165A60 /* MessageController.swift */; };
		0F9F4FD324B4F1EF00165A60 /* MessageCell.swift in Sources */ = {isa = PBXBuildFile; fileRef = 0F9F4FD224B4F1EF00165A60 /* MessageCell.swift */; };
		0F9F4FD524B66CDF00165A60 /* MessageMediaController.swift in Sources */ = {isa = PBXBuildFile; fileRef = 0F9F4FD424B66CDF00165A60 /* MessageMediaController.swift */; };
		0F9F4FD724B66FA700165A60 /* MessageMediaCell.swift in Sources */ = {isa = PBXBuildFile; fileRef = 0F9F4FD624B66FA700165A60 /* MessageMediaCell.swift */; };
		0F9F4FDA24B6D2AD00165A60 /* UIImageView+fetchImage.swift in Sources */ = {isa = PBXBuildFile; fileRef = 0F9F4FD924B6D2AD00165A60 /* UIImageView+fetchImage.swift */; };
		0F9F4FEB24B9181A00165A60 /* StorySectionHeaderView.swift in Sources */ = {isa = PBXBuildFile; fileRef = 0F9F4FEA24B9181A00165A60 /* StorySectionHeaderView.swift */; };
		0F9F4FED24B9205A00165A60 /* ShowStoryController.swift in Sources */ = {isa = PBXBuildFile; fileRef = 0F9F4FEC24B9205A00165A60 /* ShowStoryController.swift */; };
		0F9F4FEF24B9211700165A60 /* ShowStoryCell.swift in Sources */ = {isa = PBXBuildFile; fileRef = 0F9F4FEE24B9211700165A60 /* ShowStoryCell.swift */; };
		0F9F4FF424BBB6C000165A60 /* Story.swift in Sources */ = {isa = PBXBuildFile; fileRef = 0F9F4FF324BBB6C000165A60 /* Story.swift */; };
		0F9F4FF724BCFD3E00165A60 /* ShowStoryCellDelegate.swift in Sources */ = {isa = PBXBuildFile; fileRef = 0F9F4FF624BCFD3E00165A60 /* ShowStoryCellDelegate.swift */; };
		0F9F4FFB24BE508B00165A60 /* StoryMediaController.swift in Sources */ = {isa = PBXBuildFile; fileRef = 0F9F4FFA24BE508B00165A60 /* StoryMediaController.swift */; };
		0F9F4FFD24BE517700165A60 /* StoryMediaCell.swift in Sources */ = {isa = PBXBuildFile; fileRef = 0F9F4FFC24BE517700165A60 /* StoryMediaCell.swift */; };
		0F9F500024BE5F4000165A60 /* Data.swift in Sources */ = {isa = PBXBuildFile; fileRef = 0F9F4FFF24BE5F4000165A60 /* Data.swift */; };
		0F9F500224BFA40D00165A60 /* StoryMediaPreviewController.swift in Sources */ = {isa = PBXBuildFile; fileRef = 0F9F500124BFA40C00165A60 /* StoryMediaPreviewController.swift */; };
		0FA4389124D1D53A00B6D744 /* LoginController.swift in Sources */ = {isa = PBXBuildFile; fileRef = 0FA4389024D1D53A00B6D744 /* LoginController.swift */; };
		0FAFDB7D24DE63F300CF8EFB /* DataError.swift in Sources */ = {isa = PBXBuildFile; fileRef = 0FAFDB7C24DE63F300CF8EFB /* DataError.swift */; };
		0FB6F30124D9F4090025CEA3 /* MenuController.swift in Sources */ = {isa = PBXBuildFile; fileRef = 0FB6F30024D9F4090025CEA3 /* MenuController.swift */; };
		0FB6F30324DA23470025CEA3 /* ContainerViewController.swift in Sources */ = {isa = PBXBuildFile; fileRef = 0FB6F30224DA23470025CEA3 /* ContainerViewController.swift */; };
		0FB6F30524DA253B0025CEA3 /* ContainerDelegate.swift in Sources */ = {isa = PBXBuildFile; fileRef = 0FB6F30424DA253B0025CEA3 /* ContainerDelegate.swift */; };
		0FB6F30724DB5FE10025CEA3 /* MenuItem.swift in Sources */ = {isa = PBXBuildFile; fileRef = 0FB6F30624DB5FE10025CEA3 /* MenuItem.swift */; };
		0FC8CB4924CF8B0700F86767 /* NewDiscussionController.swift in Sources */ = {isa = PBXBuildFile; fileRef = 0FC8CB4824CF8B0700F86767 /* NewDiscussionController.swift */; };
		0FC8CB4B24CF96D600F86767 /* NewDiscussionCell.swift in Sources */ = {isa = PBXBuildFile; fileRef = 0FC8CB4A24CF96D600F86767 /* NewDiscussionCell.swift */; };
		0FC8CB4D24CF9AAA00F86767 /* User.swift in Sources */ = {isa = PBXBuildFile; fileRef = 0FC8CB4C24CF9AAA00F86767 /* User.swift */; };
/* End PBXBuildFile section */

/* Begin PBXFileReference section */
		0F04994F24DDB89A00DBECDE /* MenuCell.swift */ = {isa = PBXFileReference; lastKnownFileType = sourcecode.swift; path = MenuCell.swift; sourceTree = "<group>"; };
		0F04995124DDFC8A00DBECDE /* UserService.swift */ = {isa = PBXFileReference; lastKnownFileType = sourcecode.swift; path = UserService.swift; sourceTree = "<group>"; };
		0F04995324DE42CB00DBECDE /* UserDefaults+ObjectSavable.swift */ = {isa = PBXFileReference; lastKnownFileType = sourcecode.swift; path = "UserDefaults+ObjectSavable.swift"; sourceTree = "<group>"; };
		0F04995524DE432A00DBECDE /* ObjectSavable.swift */ = {isa = PBXFileReference; lastKnownFileType = sourcecode.swift; path = ObjectSavable.swift; sourceTree = "<group>"; };
		0F04995824DE47E800DBECDE /* ObjectSavableError.swift */ = {isa = PBXFileReference; lastKnownFileType = sourcecode.swift; path = ObjectSavableError.swift; sourceTree = "<group>"; };
		0F2305C024CB27D600F9D7F2 /* Message.swift */ = {isa = PBXFileReference; lastKnownFileType = sourcecode.swift; path = Message.swift; sourceTree = "<group>"; };
		0F9F4FAA24B4947D00165A60 /* katia.app */ = {isa = PBXFileReference; explicitFileType = wrapper.application; includeInIndex = 0; path = katia.app; sourceTree = BUILT_PRODUCTS_DIR; };
		0F9F4FAD24B4947D00165A60 /* AppDelegate.swift */ = {isa = PBXFileReference; lastKnownFileType = sourcecode.swift; path = AppDelegate.swift; sourceTree = "<group>"; };
		0F9F4FAF24B4947D00165A60 /* SceneDelegate.swift */ = {isa = PBXFileReference; lastKnownFileType = sourcecode.swift; path = SceneDelegate.swift; sourceTree = "<group>"; };
		0F9F4FB424B4947D00165A60 /* Base */ = {isa = PBXFileReference; lastKnownFileType = file.storyboard; name = Base; path = Base.lproj/Main.storyboard; sourceTree = "<group>"; };
		0F9F4FB624B4947F00165A60 /* Assets.xcassets */ = {isa = PBXFileReference; lastKnownFileType = folder.assetcatalog; path = Assets.xcassets; sourceTree = "<group>"; };
		0F9F4FB924B4947F00165A60 /* Base */ = {isa = PBXFileReference; lastKnownFileType = file.storyboard; name = Base; path = Base.lproj/LaunchScreen.storyboard; sourceTree = "<group>"; };
		0F9F4FBB24B4947F00165A60 /* Info.plist */ = {isa = PBXFileReference; lastKnownFileType = text.plist.xml; path = Info.plist; sourceTree = "<group>"; };
		0F9F4FC624B4D18D00165A60 /* CustomTabBarController.swift */ = {isa = PBXFileReference; lastKnownFileType = sourcecode.swift; path = CustomTabBarController.swift; sourceTree = "<group>"; };
		0F9F4FC824B4D94E00165A60 /* DiscussionController.swift */ = {isa = PBXFileReference; lastKnownFileType = sourcecode.swift; path = DiscussionController.swift; sourceTree = "<group>"; };
		0F9F4FCA24B4DB1A00165A60 /* DiscussionCell.swift */ = {isa = PBXFileReference; lastKnownFileType = sourcecode.swift; path = DiscussionCell.swift; sourceTree = "<group>"; };
		0F9F4FCC24B4E83800165A60 /* StoryController.swift */ = {isa = PBXFileReference; lastKnownFileType = sourcecode.swift; path = StoryController.swift; sourceTree = "<group>"; };
		0F9F4FCE24B4EB3B00165A60 /* StoryCell.swift */ = {isa = PBXFileReference; lastKnownFileType = sourcecode.swift; path = StoryCell.swift; sourceTree = "<group>"; };
		0F9F4FD024B4F19200165A60 /* MessageController.swift */ = {isa = PBXFileReference; lastKnownFileType = sourcecode.swift; path = MessageController.swift; sourceTree = "<group>"; };
		0F9F4FD224B4F1EF00165A60 /* MessageCell.swift */ = {isa = PBXFileReference; lastKnownFileType = sourcecode.swift; path = MessageCell.swift; sourceTree = "<group>"; };
		0F9F4FD424B66CDF00165A60 /* MessageMediaController.swift */ = {isa = PBXFileReference; lastKnownFileType = sourcecode.swift; path = MessageMediaController.swift; sourceTree = "<group>"; };
		0F9F4FD624B66FA700165A60 /* MessageMediaCell.swift */ = {isa = PBXFileReference; lastKnownFileType = sourcecode.swift; path = MessageMediaCell.swift; sourceTree = "<group>"; };
		0F9F4FD924B6D2AD00165A60 /* UIImageView+fetchImage.swift */ = {isa = PBXFileReference; lastKnownFileType = sourcecode.swift; path = "UIImageView+fetchImage.swift"; sourceTree = "<group>"; };
		0F9F4FEA24B9181A00165A60 /* StorySectionHeaderView.swift */ = {isa = PBXFileReference; lastKnownFileType = sourcecode.swift; path = StorySectionHeaderView.swift; sourceTree = "<group>"; };
		0F9F4FEC24B9205A00165A60 /* ShowStoryController.swift */ = {isa = PBXFileReference; lastKnownFileType = sourcecode.swift; path = ShowStoryController.swift; sourceTree = "<group>"; };
		0F9F4FEE24B9211700165A60 /* ShowStoryCell.swift */ = {isa = PBXFileReference; lastKnownFileType = sourcecode.swift; path = ShowStoryCell.swift; sourceTree = "<group>"; };
		0F9F4FF324BBB6C000165A60 /* Story.swift */ = {isa = PBXFileReference; lastKnownFileType = sourcecode.swift; path = Story.swift; sourceTree = "<group>"; };
		0F9F4FF624BCFD3E00165A60 /* ShowStoryCellDelegate.swift */ = {isa = PBXFileReference; lastKnownFileType = sourcecode.swift; path = ShowStoryCellDelegate.swift; sourceTree = "<group>"; };
		0F9F4FFA24BE508B00165A60 /* StoryMediaController.swift */ = {isa = PBXFileReference; lastKnownFileType = sourcecode.swift; path = StoryMediaController.swift; sourceTree = "<group>"; };
		0F9F4FFC24BE517700165A60 /* StoryMediaCell.swift */ = {isa = PBXFileReference; lastKnownFileType = sourcecode.swift; path = StoryMediaCell.swift; sourceTree = "<group>"; };
		0F9F4FFF24BE5F4000165A60 /* Data.swift */ = {isa = PBXFileReference; lastKnownFileType = sourcecode.swift; path = Data.swift; sourceTree = "<group>"; };
		0F9F500124BFA40C00165A60 /* StoryMediaPreviewController.swift */ = {isa = PBXFileReference; lastKnownFileType = sourcecode.swift; path = StoryMediaPreviewController.swift; sourceTree = "<group>"; };
		0FA4389024D1D53A00B6D744 /* LoginController.swift */ = {isa = PBXFileReference; lastKnownFileType = sourcecode.swift; path = LoginController.swift; sourceTree = "<group>"; };
		0FAFDB7C24DE63F300CF8EFB /* DataError.swift */ = {isa = PBXFileReference; lastKnownFileType = sourcecode.swift; path = DataError.swift; sourceTree = "<group>"; };
		0FB6F30024D9F4090025CEA3 /* MenuController.swift */ = {isa = PBXFileReference; lastKnownFileType = sourcecode.swift; path = MenuController.swift; sourceTree = "<group>"; };
		0FB6F30224DA23470025CEA3 /* ContainerViewController.swift */ = {isa = PBXFileReference; lastKnownFileType = sourcecode.swift; path = ContainerViewController.swift; sourceTree = "<group>"; };
		0FB6F30424DA253B0025CEA3 /* ContainerDelegate.swift */ = {isa = PBXFileReference; lastKnownFileType = sourcecode.swift; path = ContainerDelegate.swift; sourceTree = "<group>"; };
		0FB6F30624DB5FE10025CEA3 /* MenuItem.swift */ = {isa = PBXFileReference; lastKnownFileType = sourcecode.swift; path = MenuItem.swift; sourceTree = "<group>"; };
		0FC8CB4824CF8B0700F86767 /* NewDiscussionController.swift */ = {isa = PBXFileReference; lastKnownFileType = sourcecode.swift; path = NewDiscussionController.swift; sourceTree = "<group>"; };
		0FC8CB4A24CF96D600F86767 /* NewDiscussionCell.swift */ = {isa = PBXFileReference; lastKnownFileType = sourcecode.swift; path = NewDiscussionCell.swift; sourceTree = "<group>"; };
		0FC8CB4C24CF9AAA00F86767 /* User.swift */ = {isa = PBXFileReference; lastKnownFileType = sourcecode.swift; path = User.swift; sourceTree = "<group>"; };
/* End PBXFileReference section */

/* Begin PBXFrameworksBuildPhase section */
		0F9F4FA724B4947D00165A60 /* Frameworks */ = {
			isa = PBXFrameworksBuildPhase;
			buildActionMask = 2147483647;
			files = (
			);
			runOnlyForDeploymentPostprocessing = 0;
		};
/* End PBXFrameworksBuildPhase section */

/* Begin PBXGroup section */
		0F04995724DE47C000DBECDE /* Errors */ = {
			isa = PBXGroup;
			children = (
				0F04995824DE47E800DBECDE /* ObjectSavableError.swift */,
				0FAFDB7C24DE63F300CF8EFB /* DataError.swift */,
			);
			path = Errors;
			sourceTree = "<group>";
		};
		0F9F4FA124B4947D00165A60 = {
			isa = PBXGroup;
			children = (
				0F9F4FAC24B4947D00165A60 /* katia */,
				0F9F4FAB24B4947D00165A60 /* Products */,
			);
			sourceTree = "<group>";
		};
		0F9F4FAB24B4947D00165A60 /* Products */ = {
			isa = PBXGroup;
			children = (
				0F9F4FAA24B4947D00165A60 /* katia.app */,
			);
			name = Products;
			sourceTree = "<group>";
		};
		0F9F4FAC24B4947D00165A60 /* katia */ = {
			isa = PBXGroup;
			children = (
				0F04995724DE47C000DBECDE /* Errors */,
				0F9F4FFE24BE5F2700165A60 /* Mock */,
				0F9F4FF524BCFD0F00165A60 /* Protocols */,
				0F9F4FF224BBB6AA00165A60 /* Models */,
				0F9F4FD824B6D27900165A60 /* Extensions */,
				0F9F4FC524B4C98E00165A60 /* Helpers */,
				0F9F4FC224B4C82A00165A60 /* Views */,
				0F9F4FC124B4C59600165A60 /* Controllers */,
				0F9F4FAD24B4947D00165A60 /* AppDelegate.swift */,
				0F9F4FAF24B4947D00165A60 /* SceneDelegate.swift */,
				0F9F4FB324B4947D00165A60 /* Main.storyboard */,
				0F9F4FB624B4947F00165A60 /* Assets.xcassets */,
				0F9F4FB824B4947F00165A60 /* LaunchScreen.storyboard */,
				0F9F4FBB24B4947F00165A60 /* Info.plist */,
			);
			path = katia;
			sourceTree = "<group>";
		};
		0F9F4FC124B4C59600165A60 /* Controllers */ = {
			isa = PBXGroup;
			children = (
				0F9F4FC624B4D18D00165A60 /* CustomTabBarController.swift */,
				0F9F4FC824B4D94E00165A60 /* DiscussionController.swift */,
				0F9F4FCC24B4E83800165A60 /* StoryController.swift */,
				0F9F4FD024B4F19200165A60 /* MessageController.swift */,
				0F9F4FD424B66CDF00165A60 /* MessageMediaController.swift */,
				0F9F4FEC24B9205A00165A60 /* ShowStoryController.swift */,
				0F9F4FFA24BE508B00165A60 /* StoryMediaController.swift */,
				0F9F500124BFA40C00165A60 /* StoryMediaPreviewController.swift */,
				0FC8CB4824CF8B0700F86767 /* NewDiscussionController.swift */,
				0FA4389024D1D53A00B6D744 /* LoginController.swift */,
				0FB6F30024D9F4090025CEA3 /* MenuController.swift */,
				0FB6F30224DA23470025CEA3 /* ContainerViewController.swift */,
			);
			path = Controllers;
			sourceTree = "<group>";
		};
		0F9F4FC224B4C82A00165A60 /* Views */ = {
			isa = PBXGroup;
			children = (
				0F9F4FCA24B4DB1A00165A60 /* DiscussionCell.swift */,
				0F9F4FCE24B4EB3B00165A60 /* StoryCell.swift */,
				0F9F4FD224B4F1EF00165A60 /* MessageCell.swift */,
				0F9F4FD624B66FA700165A60 /* MessageMediaCell.swift */,
				0F9F4FEA24B9181A00165A60 /* StorySectionHeaderView.swift */,
				0F9F4FEE24B9211700165A60 /* ShowStoryCell.swift */,
				0F9F4FFC24BE517700165A60 /* StoryMediaCell.swift */,
				0FC8CB4A24CF96D600F86767 /* NewDiscussionCell.swift */,
				0F04994F24DDB89A00DBECDE /* MenuCell.swift */,
			);
			path = Views;
			sourceTree = "<group>";
		};
		0F9F4FC524B4C98E00165A60 /* Helpers */ = {
			isa = PBXGroup;
			children = (
				0F04995124DDFC8A00DBECDE /* UserService.swift */,
			);
			path = Helpers;
			sourceTree = "<group>";
		};
		0F9F4FD824B6D27900165A60 /* Extensions */ = {
			isa = PBXGroup;
			children = (
				0F9F4FD924B6D2AD00165A60 /* UIImageView+fetchImage.swift */,
				0F04995324DE42CB00DBECDE /* UserDefaults+ObjectSavable.swift */,
			);
			path = Extensions;
			sourceTree = "<group>";
		};
		0F9F4FF224BBB6AA00165A60 /* Models */ = {
			isa = PBXGroup;
			children = (
				0F9F4FF324BBB6C000165A60 /* Story.swift */,
				0F2305C024CB27D600F9D7F2 /* Message.swift */,
				0FC8CB4C24CF9AAA00F86767 /* User.swift */,
				0FB6F30624DB5FE10025CEA3 /* MenuItem.swift */,
			);
			path = Models;
			sourceTree = "<group>";
		};
		0F9F4FF524BCFD0F00165A60 /* Protocols */ = {
			isa = PBXGroup;
			children = (
				0F9F4FF624BCFD3E00165A60 /* ShowStoryCellDelegate.swift */,
				0FB6F30424DA253B0025CEA3 /* ContainerDelegate.swift */,
				0F04995524DE432A00DBECDE /* ObjectSavable.swift */,
			);
			path = Protocols;
			sourceTree = "<group>";
		};
		0F9F4FFE24BE5F2700165A60 /* Mock */ = {
			isa = PBXGroup;
			children = (
				0F9F4FFF24BE5F4000165A60 /* Data.swift */,
			);
			path = Mock;
			sourceTree = "<group>";
		};
/* End PBXGroup section */

/* Begin PBXNativeTarget section */
		0F9F4FA924B4947D00165A60 /* katia */ = {
			isa = PBXNativeTarget;
			buildConfigurationList = 0F9F4FBE24B4947F00165A60 /* Build configuration list for PBXNativeTarget "katia" */;
			buildPhases = (
				0F9F4FA624B4947D00165A60 /* Sources */,
				0F9F4FA724B4947D00165A60 /* Frameworks */,
				0F9F4FA824B4947D00165A60 /* Resources */,
			);
			buildRules = (
			);
			dependencies = (
			);
			name = katia;
			productName = katia;
			productReference = 0F9F4FAA24B4947D00165A60 /* katia.app */;
			productType = "com.apple.product-type.application";
		};
/* End PBXNativeTarget section */

/* Begin PBXProject section */
		0F9F4FA224B4947D00165A60 /* Project object */ = {
			isa = PBXProject;
			attributes = {
				LastSwiftUpdateCheck = 1130;
				LastUpgradeCheck = 1130;
				ORGANIZATIONNAME = Hadji;
				TargetAttributes = {
					0F9F4FA924B4947D00165A60 = {
						CreatedOnToolsVersion = 11.3.1;
					};
				};
			};
			buildConfigurationList = 0F9F4FA524B4947D00165A60 /* Build configuration list for PBXProject "katia" */;
			compatibilityVersion = "Xcode 9.3";
			developmentRegion = en;
			hasScannedForEncodings = 0;
			knownRegions = (
				en,
				Base,
			);
			mainGroup = 0F9F4FA124B4947D00165A60;
			productRefGroup = 0F9F4FAB24B4947D00165A60 /* Products */;
			projectDirPath = "";
			projectRoot = "";
			targets = (
				0F9F4FA924B4947D00165A60 /* katia */,
			);
		};
/* End PBXProject section */

/* Begin PBXResourcesBuildPhase section */
		0F9F4FA824B4947D00165A60 /* Resources */ = {
			isa = PBXResourcesBuildPhase;
			buildActionMask = 2147483647;
			files = (
				0F9F4FBA24B4947F00165A60 /* LaunchScreen.storyboard in Resources */,
				0F9F4FB724B4947F00165A60 /* Assets.xcassets in Resources */,
				0F9F4FB524B4947D00165A60 /* Main.storyboard in Resources */,
			);
			runOnlyForDeploymentPostprocessing = 0;
		};
/* End PBXResourcesBuildPhase section */

/* Begin PBXSourcesBuildPhase section */
		0F9F4FA624B4947D00165A60 /* Sources */ = {
			isa = PBXSourcesBuildPhase;
			buildActionMask = 2147483647;
			files = (
				0F04995424DE42CB00DBECDE /* UserDefaults+ObjectSavable.swift in Sources */,
				0F9F4FCD24B4E83800165A60 /* StoryController.swift in Sources */,
				0FB6F30124D9F4090025CEA3 /* MenuController.swift in Sources */,
				0F04995024DDB89A00DBECDE /* MenuCell.swift in Sources */,
				0FB6F30324DA23470025CEA3 /* ContainerViewController.swift in Sources */,
				0F9F4FCB24B4DB1A00165A60 /* DiscussionCell.swift in Sources */,
				0FAFDB7D24DE63F300CF8EFB /* DataError.swift in Sources */,
				0F9F4FAE24B4947D00165A60 /* AppDelegate.swift in Sources */,
				0FA4389124D1D53A00B6D744 /* LoginController.swift in Sources */,
				0F9F4FFD24BE517700165A60 /* StoryMediaCell.swift in Sources */,
				0FC8CB4D24CF9AAA00F86767 /* User.swift in Sources */,
				0F04995924DE47E800DBECDE /* ObjectSavableError.swift in Sources */,
				0F9F4FD124B4F19200165A60 /* MessageController.swift in Sources */,
				0FB6F30724DB5FE10025CEA3 /* MenuItem.swift in Sources */,
				0FC8CB4B24CF96D600F86767 /* NewDiscussionCell.swift in Sources */,
				0F9F4FC724B4D18D00165A60 /* CustomTabBarController.swift in Sources */,
				0F9F4FCF24B4EB3B00165A60 /* StoryCell.swift in Sources */,
				0F9F4FC924B4D94E00165A60 /* DiscussionController.swift in Sources */,
				0F9F4FD524B66CDF00165A60 /* MessageMediaController.swift in Sources */,
				0F9F4FF724BCFD3E00165A60 /* ShowStoryCellDelegate.swift in Sources */,
				0F9F4FF424BBB6C000165A60 /* Story.swift in Sources */,
				0F9F4FDA24B6D2AD00165A60 /* UIImageView+fetchImage.swift in Sources */,
				0F9F4FED24B9205A00165A60 /* ShowStoryController.swift in Sources */,
				0F9F4FD724B66FA700165A60 /* MessageMediaCell.swift in Sources */,
				0F9F500024BE5F4000165A60 /* Data.swift in Sources */,
				0FB6F30524DA253B0025CEA3 /* ContainerDelegate.swift in Sources */,
				0FC8CB4924CF8B0700F86767 /* NewDiscussionController.swift in Sources */,
				0F9F4FEB24B9181A00165A60 /* StorySectionHeaderView.swift in Sources */,
				0F9F4FB024B4947D00165A60 /* SceneDelegate.swift in Sources */,
				0F9F4FEF24B9211700165A60 /* ShowStoryCell.swift in Sources */,
				0F9F4FFB24BE508B00165A60 /* StoryMediaController.swift in Sources */,
				0F04995224DDFC8A00DBECDE /* UserService.swift in Sources */,
				0F2305C124CB27D600F9D7F2 /* Message.swift in Sources */,
				0F04995624DE432A00DBECDE /* ObjectSavable.swift in Sources */,
				0F9F4FD324B4F1EF00165A60 /* MessageCell.swift in Sources */,
				0F9F500224BFA40D00165A60 /* StoryMediaPreviewController.swift in Sources */,
			);
			runOnlyForDeploymentPostprocessing = 0;
		};
/* End PBXSourcesBuildPhase section */

/* Begin PBXVariantGroup section */
		0F9F4FB324B4947D00165A60 /* Main.storyboard */ = {
			isa = PBXVariantGroup;
			children = (
				0F9F4FB424B4947D00165A60 /* Base */,
			);
			name = Main.storyboard;
			sourceTree = "<group>";
		};
		0F9F4FB824B4947F00165A60 /* LaunchScreen.storyboard */ = {
			isa = PBXVariantGroup;
			children = (
				0F9F4FB924B4947F00165A60 /* Base */,
			);
			name = LaunchScreen.storyboard;
			sourceTree = "<group>";
		};
/* End PBXVariantGroup section */

/* Begin XCBuildConfiguration section */
		0F9F4FBC24B4947F00165A60 /* Debug */ = {
			isa = XCBuildConfiguration;
			buildSettings = {
				ALWAYS_SEARCH_USER_PATHS = NO;
				CLANG_ANALYZER_NONNULL = YES;
				CLANG_ANALYZER_NUMBER_OBJECT_CONVERSION = YES_AGGRESSIVE;
				CLANG_CXX_LANGUAGE_STANDARD = "gnu++14";
				CLANG_CXX_LIBRARY = "libc++";
				CLANG_ENABLE_MODULES = YES;
				CLANG_ENABLE_OBJC_ARC = YES;
				CLANG_ENABLE_OBJC_WEAK = YES;
				CLANG_WARN_BLOCK_CAPTURE_AUTORELEASING = YES;
				CLANG_WARN_BOOL_CONVERSION = YES;
				CLANG_WARN_COMMA = YES;
				CLANG_WARN_CONSTANT_CONVERSION = YES;
				CLANG_WARN_DEPRECATED_OBJC_IMPLEMENTATIONS = YES;
				CLANG_WARN_DIRECT_OBJC_ISA_USAGE = YES_ERROR;
				CLANG_WARN_DOCUMENTATION_COMMENTS = YES;
				CLANG_WARN_EMPTY_BODY = YES;
				CLANG_WARN_ENUM_CONVERSION = YES;
				CLANG_WARN_INFINITE_RECURSION = YES;
				CLANG_WARN_INT_CONVERSION = YES;
				CLANG_WARN_NON_LITERAL_NULL_CONVERSION = YES;
				CLANG_WARN_OBJC_IMPLICIT_RETAIN_SELF = YES;
				CLANG_WARN_OBJC_LITERAL_CONVERSION = YES;
				CLANG_WARN_OBJC_ROOT_CLASS = YES_ERROR;
				CLANG_WARN_RANGE_LOOP_ANALYSIS = YES;
				CLANG_WARN_STRICT_PROTOTYPES = YES;
				CLANG_WARN_SUSPICIOUS_MOVE = YES;
				CLANG_WARN_UNGUARDED_AVAILABILITY = YES_AGGRESSIVE;
				CLANG_WARN_UNREACHABLE_CODE = YES;
				CLANG_WARN__DUPLICATE_METHOD_MATCH = YES;
				COPY_PHASE_STRIP = NO;
				DEBUG_INFORMATION_FORMAT = dwarf;
				ENABLE_STRICT_OBJC_MSGSEND = YES;
				ENABLE_TESTABILITY = YES;
				GCC_C_LANGUAGE_STANDARD = gnu11;
				GCC_DYNAMIC_NO_PIC = NO;
				GCC_NO_COMMON_BLOCKS = YES;
				GCC_OPTIMIZATION_LEVEL = 0;
				GCC_PREPROCESSOR_DEFINITIONS = (
					"DEBUG=1",
					"$(inherited)",
				);
				GCC_WARN_64_TO_32_BIT_CONVERSION = YES;
				GCC_WARN_ABOUT_RETURN_TYPE = YES_ERROR;
				GCC_WARN_UNDECLARED_SELECTOR = YES;
				GCC_WARN_UNINITIALIZED_AUTOS = YES_AGGRESSIVE;
				GCC_WARN_UNUSED_FUNCTION = YES;
				GCC_WARN_UNUSED_VARIABLE = YES;
				IPHONEOS_DEPLOYMENT_TARGET = 13.2;
				MTL_ENABLE_DEBUG_INFO = INCLUDE_SOURCE;
				MTL_FAST_MATH = YES;
				ONLY_ACTIVE_ARCH = YES;
				SDKROOT = iphoneos;
				SWIFT_ACTIVE_COMPILATION_CONDITIONS = DEBUG;
				SWIFT_OPTIMIZATION_LEVEL = "-Onone";
			};
			name = Debug;
		};
		0F9F4FBD24B4947F00165A60 /* Release */ = {
			isa = XCBuildConfiguration;
			buildSettings = {
				ALWAYS_SEARCH_USER_PATHS = NO;
				CLANG_ANALYZER_NONNULL = YES;
				CLANG_ANALYZER_NUMBER_OBJECT_CONVERSION = YES_AGGRESSIVE;
				CLANG_CXX_LANGUAGE_STANDARD = "gnu++14";
				CLANG_CXX_LIBRARY = "libc++";
				CLANG_ENABLE_MODULES = YES;
				CLANG_ENABLE_OBJC_ARC = YES;
				CLANG_ENABLE_OBJC_WEAK = YES;
				CLANG_WARN_BLOCK_CAPTURE_AUTORELEASING = YES;
				CLANG_WARN_BOOL_CONVERSION = YES;
				CLANG_WARN_COMMA = YES;
				CLANG_WARN_CONSTANT_CONVERSION = YES;
				CLANG_WARN_DEPRECATED_OBJC_IMPLEMENTATIONS = YES;
				CLANG_WARN_DIRECT_OBJC_ISA_USAGE = YES_ERROR;
				CLANG_WARN_DOCUMENTATION_COMMENTS = YES;
				CLANG_WARN_EMPTY_BODY = YES;
				CLANG_WARN_ENUM_CONVERSION = YES;
				CLANG_WARN_INFINITE_RECURSION = YES;
				CLANG_WARN_INT_CONVERSION = YES;
				CLANG_WARN_NON_LITERAL_NULL_CONVERSION = YES;
				CLANG_WARN_OBJC_IMPLICIT_RETAIN_SELF = YES;
				CLANG_WARN_OBJC_LITERAL_CONVERSION = YES;
				CLANG_WARN_OBJC_ROOT_CLASS = YES_ERROR;
				CLANG_WARN_RANGE_LOOP_ANALYSIS = YES;
				CLANG_WARN_STRICT_PROTOTYPES = YES;
				CLANG_WARN_SUSPICIOUS_MOVE = YES;
				CLANG_WARN_UNGUARDED_AVAILABILITY = YES_AGGRESSIVE;
				CLANG_WARN_UNREACHABLE_CODE = YES;
				CLANG_WARN__DUPLICATE_METHOD_MATCH = YES;
				COPY_PHASE_STRIP = NO;
				DEBUG_INFORMATION_FORMAT = "dwarf-with-dsym";
				ENABLE_NS_ASSERTIONS = NO;
				ENABLE_STRICT_OBJC_MSGSEND = YES;
				GCC_C_LANGUAGE_STANDARD = gnu11;
				GCC_NO_COMMON_BLOCKS = YES;
				GCC_WARN_64_TO_32_BIT_CONVERSION = YES;
				GCC_WARN_ABOUT_RETURN_TYPE = YES_ERROR;
				GCC_WARN_UNDECLARED_SELECTOR = YES;
				GCC_WARN_UNINITIALIZED_AUTOS = YES_AGGRESSIVE;
				GCC_WARN_UNUSED_FUNCTION = YES;
				GCC_WARN_UNUSED_VARIABLE = YES;
				IPHONEOS_DEPLOYMENT_TARGET = 13.2;
				MTL_ENABLE_DEBUG_INFO = NO;
				MTL_FAST_MATH = YES;
				SDKROOT = iphoneos;
				SWIFT_COMPILATION_MODE = wholemodule;
				SWIFT_OPTIMIZATION_LEVEL = "-O";
				VALIDATE_PRODUCT = YES;
			};
			name = Release;
		};
		0F9F4FBF24B4947F00165A60 /* Debug */ = {
			isa = XCBuildConfiguration;
			buildSettings = {
				ASSETCATALOG_COMPILER_APPICON_NAME = AppIcon;
				CODE_SIGN_STYLE = Automatic;
				DEVELOPMENT_TEAM = R42ZGV5Y3Q;
				INFOPLIST_FILE = katia/Info.plist;
				LD_RUNPATH_SEARCH_PATHS = (
					"$(inherited)",
					"@executable_path/Frameworks",
				);
				PRODUCT_BUNDLE_IDENTIFIER = com.hadji.katia;
				PRODUCT_NAME = "$(TARGET_NAME)";
				SWIFT_VERSION = 5.0;
				TARGETED_DEVICE_FAMILY = "1,2";
			};
			name = Debug;
		};
		0F9F4FC024B4947F00165A60 /* Release */ = {
			isa = XCBuildConfiguration;
			buildSettings = {
				ASSETCATALOG_COMPILER_APPICON_NAME = AppIcon;
				CODE_SIGN_STYLE = Automatic;
				DEVELOPMENT_TEAM = R42ZGV5Y3Q;
				INFOPLIST_FILE = katia/Info.plist;
				LD_RUNPATH_SEARCH_PATHS = (
					"$(inherited)",
					"@executable_path/Frameworks",
				);
				PRODUCT_BUNDLE_IDENTIFIER = com.hadji.katia;
				PRODUCT_NAME = "$(TARGET_NAME)";
				SWIFT_VERSION = 5.0;
				TARGETED_DEVICE_FAMILY = "1,2";
			};
			name = Release;
		};
/* End XCBuildConfiguration section */

/* Begin XCConfigurationList section */
		0F9F4FA524B4947D00165A60 /* Build configuration list for PBXProject "katia" */ = {
			isa = XCConfigurationList;
			buildConfigurations = (
				0F9F4FBC24B4947F00165A60 /* Debug */,
				0F9F4FBD24B4947F00165A60 /* Release */,
			);
			defaultConfigurationIsVisible = 0;
			defaultConfigurationName = Release;
		};
		0F9F4FBE24B4947F00165A60 /* Build configuration list for PBXNativeTarget "katia" */ = {
			isa = XCConfigurationList;
			buildConfigurations = (
				0F9F4FBF24B4947F00165A60 /* Debug */,
				0F9F4FC024B4947F00165A60 /* Release */,
			);
			defaultConfigurationIsVisible = 0;
			defaultConfigurationName = Release;
		};
/* End XCConfigurationList section */
	};
	rootObject = 0F9F4FA224B4947D00165A60 /* Project object */;
}
